<?xml version="1.0" encoding="utf-8"?>
<Project ToolsVersion="4.0" xmlns="http://schemas.microsoft.com/developer/msbuild/2003">
  <ItemGroup>
    <Filter Include="소스 파일">
      <UniqueIdentifier>{4FC737F1-C7A5-4376-A066-2A32D752A2FF}</UniqueIdentifier>
      <Extensions>cpp;c;cc;cxx;def;odl;idl;hpj;bat;asm;asmx</Extensions>
    </Filter>
    <Filter Include="헤더 파일">
      <UniqueIdentifier>{93995380-89BD-4b04-88EB-625FBE52EBFB}</UniqueIdentifier>
      <Extensions>h;hh;hpp;hxx;hm;inl;inc;xsd</Extensions>
    </Filter>
    <Filter Include="리소스 파일">
      <UniqueIdentifier>{67DA6AB6-F800-4c08-8B7A-83BB121AAD01}</UniqueIdentifier>
      <Extensions>rc;ico;cur;bmp;dlg;rc2;rct;bin;rgs;gif;jpg;jpeg;jpe;resx;tiff;tif;png;wav;mfcribbon-ms</Extensions>
    </Filter>
  </ItemGroup>
  <ItemGroup>
    <ClCompile Include="5_Fold_Expression.cpp">
      <Filter>소스 파일</Filter>
    </ClCompile>
    <ClCompile Include="6_character literal.cpp">
      <Filter>소스 파일</Filter>
    </ClCompile>
    <ClCompile Include="7_attribute.cpp">
      <Filter>소스 파일</Filter>
    </ClCompile>
    <ClCompile Include="8_allow_constant_for_non_type_template.cpp">
      <Filter>소스 파일</Filter>
    </ClCompile>
    <ClCompile Include="9_removed..cpp">
      <Filter>소스 파일</Filter>
    </ClCompile>
    <ClCompile Include="10_exception_and_type.cpp">
      <Filter>소스 파일</Filter>
    </ClCompile>
    <ClCompile Include="11_has_include.cpp">
      <Filter>소스 파일</Filter>
    </ClCompile>
    <ClCompile Include="12_생성자상속.cpp">
      <Filter>소스 파일</Filter>
    </ClCompile>
    <ClCompile Include="13_Extension to aggregate initialization.cpp">
      <Filter>소스 파일</Filter>
    </ClCompile>
    <ClCompile Include="14_hexa_decimal_floating_liternal.cpp">
      <Filter>소스 파일</Filter>
    </ClCompile>
    <ClCompile Include="15_constexpr_lambda.cpp">
      <Filter>소스 파일</Filter>
    </ClCompile>
    <ClCompile Include="16_generalized_ranged_for.cpp">
      <Filter>소스 파일</Filter>
    </ClCompile>
    <ClCompile Include="17_this_capture_by_value_in_lambda.cpp">
      <Filter>소스 파일</Filter>
    </ClCompile>
    <ClCompile Include="18_direct_initialize_for_enum_class.cpp">
      <Filter>소스 파일</Filter>
    </ClCompile>
    <ClCompile Include="19_call_syntax.cpp">
      <Filter>소스 파일</Filter>
    </ClCompile>
    <ClCompile Include="20_operator_dot.cpp">
      <Filter>소스 파일</Filter>
    </ClCompile>
    <ClCompile Include="32_any.cpp">
      <Filter>소스 파일</Filter>
    </ClCompile>
    <ClCompile Include="33_optional.cpp">
      <Filter>소스 파일</Filter>
    </ClCompile>
    <ClCompile Include="34_source_location.cpp">
      <Filter>소스 파일</Filter>
    </ClCompile>
    <ClCompile Include="35_propagate_const.cpp">
      <Filter>소스 파일</Filter>
    </ClCompile>
    <ClCompile Include="36_ostream_joiner.cpp">
      <Filter>소스 파일</Filter>
    </ClCompile>
    <ClCompile Include="38_file_system.cpp">
      <Filter>소스 파일</Filter>
    </ClCompile>
    <ClCompile Include="37_observer_ptr.cpp">
      <Filter>소스 파일</Filter>
    </ClCompile>
    <ClCompile Include="39_asio.cpp">
      <Filter>소스 파일</Filter>
    </ClCompile>
    <ClCompile Include="22_contract.cpp">
      <Filter>소스 파일</Filter>
    </ClCompile>
    <ClCompile Include="23_defaule_comparsion.cpp">
      <Filter>소스 파일</Filter>
    </ClCompile>
    <ClCompile Include="24_Parallelism.cpp">
      <Filter>소스 파일</Filter>
    </ClCompile>
    <ClCompile Include="0_hello_CPP17.cpp">
      <Filter>소스 파일</Filter>
    </ClCompile>
    <ClCompile Include="1_module.cpp">
      <Filter>소스 파일</Filter>
    </ClCompile>
    <ClCompile Include="2_concept.cpp">
      <Filter>소스 파일</Filter>
    </ClCompile>
    <ClCompile Include="4_range.cpp">
      <Filter>소스 파일</Filter>
    </ClCompile>
    <ClCompile Include="3_string_view.cpp">
      <Filter>소스 파일</Filter>
    </ClCompile>
    <ClCompile Include="21_nested_namespace.cpp">
      <Filter>소스 파일</Filter>
    </ClCompile>
    <ClCompile Include="25_static_assert.cpp">
      <Filter>소스 파일</Filter>
    </ClCompile>
    <ClCompile Include="26_auto.cpp">
      <Filter>소스 파일</Filter>
    </ClCompile>
    <ClCompile Include="27_typename.cpp">
      <Filter>소스 파일</Filter>
    </ClCompile>
    <ClCompile Include="31_coroutine.cpp">
      <Filter>소스 파일</Filter>
    </ClCompile>
    <ClCompile Include="CPP14.cpp">
      <Filter>소스 파일</Filter>
    </ClCompile>
  </ItemGroup>
</Project>