<?xml version="1.0" encoding="utf-8"?>
<Project ToolsVersion="4.0" xmlns="http://schemas.microsoft.com/developer/msbuild/2003">
  <ItemGroup>
    <Filter Include="소스 파일">
      <UniqueIdentifier>{4FC737F1-C7A5-4376-A066-2A32D752A2FF}</UniqueIdentifier>
      <Extensions>cpp;c;cc;cxx;def;odl;idl;hpj;bat;asm;asmx</Extensions>
    </Filter>
    <Filter Include="헤더 파일">
      <UniqueIdentifier>{93995380-89BD-4b04-88EB-625FBE52EBFB}</UniqueIdentifier>
      <Extensions>h;hh;hpp;hxx;hm;inl;inc;xsd</Extensions>
    </Filter>
    <Filter Include="리소스 파일">
      <UniqueIdentifier>{67DA6AB6-F800-4c08-8B7A-83BB121AAD01}</UniqueIdentifier>
      <Extensions>rc;ico;cur;bmp;dlg;rc2;rct;bin;rgs;gif;jpg;jpeg;jpe;resx;tiff;tif;png;wav;mfcribbon-ms</Extensions>
    </Filter>
  </ItemGroup>
  <ItemGroup>
    <ClCompile Include="1_hello.cpp">
      <Filter>소스 파일</Filter>
    </ClCompile>
    <ClCompile Include="2_const.cpp">
      <Filter>소스 파일</Filter>
    </ClCompile>
    <ClCompile Include="2_const2.cpp">
      <Filter>소스 파일</Filter>
    </ClCompile>
    <ClCompile Include="2_const3.cpp">
      <Filter>소스 파일</Filter>
    </ClCompile>
    <ClCompile Include="2_const4.cpp">
      <Filter>소스 파일</Filter>
    </ClCompile>
    <ClCompile Include="2_const5.cpp">
      <Filter>소스 파일</Filter>
    </ClCompile>
    <ClCompile Include="2_const6.cpp">
      <Filter>소스 파일</Filter>
    </ClCompile>
    <ClCompile Include="3_thiscall.cpp">
      <Filter>소스 파일</Filter>
    </ClCompile>
    <ClCompile Include="3_thiscall2.cpp">
      <Filter>소스 파일</Filter>
    </ClCompile>
    <ClCompile Include="3_thiscall3.cpp">
      <Filter>소스 파일</Filter>
    </ClCompile>
    <ClCompile Include="3_thiscall4.cpp">
      <Filter>소스 파일</Filter>
    </ClCompile>
    <ClCompile Include="3_thiscall5.cpp">
      <Filter>소스 파일</Filter>
    </ClCompile>
    <ClCompile Include="3_thiscall6.cpp">
      <Filter>소스 파일</Filter>
    </ClCompile>
    <ClCompile Include="3_thiscall7.cpp">
      <Filter>소스 파일</Filter>
    </ClCompile>
    <ClCompile Include="3_thiscall8.cpp">
      <Filter>소스 파일</Filter>
    </ClCompile>
    <ClCompile Include="4_function.cpp">
      <Filter>소스 파일</Filter>
    </ClCompile>
    <ClCompile Include="4_function2.cpp">
      <Filter>소스 파일</Filter>
    </ClCompile>
    <ClCompile Include="5_인라인함수.cpp">
      <Filter>소스 파일</Filter>
    </ClCompile>
    <ClCompile Include="5_인라인함수2.cpp">
      <Filter>소스 파일</Filter>
    </ClCompile>
    <ClCompile Include="5_인라인함수3.cpp">
      <Filter>소스 파일</Filter>
    </ClCompile>
    <ClCompile Include="6_함수객체.cpp">
      <Filter>소스 파일</Filter>
    </ClCompile>
    <ClCompile Include="6_함수객체2.cpp">
      <Filter>소스 파일</Filter>
    </ClCompile>
    <ClCompile Include="6_함수객체3.cpp">
      <Filter>소스 파일</Filter>
    </ClCompile>
    <ClCompile Include="6_함수객체4.cpp">
      <Filter>소스 파일</Filter>
    </ClCompile>
    <ClCompile Include="7_람다.cpp">
      <Filter>소스 파일</Filter>
    </ClCompile>
    <ClCompile Include="7_람다2.cpp">
      <Filter>소스 파일</Filter>
    </ClCompile>
    <ClCompile Include="7_람다3.cpp">
      <Filter>소스 파일</Filter>
    </ClCompile>
    <ClCompile Include="7_람다4.cpp">
      <Filter>소스 파일</Filter>
    </ClCompile>
    <ClCompile Include="7_람다5.cpp">
      <Filter>소스 파일</Filter>
    </ClCompile>
    <ClCompile Include="7_람다6.cpp">
      <Filter>소스 파일</Filter>
    </ClCompile>
    <ClCompile Include="7_람다7.cpp">
      <Filter>소스 파일</Filter>
    </ClCompile>
    <ClCompile Include="7_람다8.cpp">
      <Filter>소스 파일</Filter>
    </ClCompile>
    <ClCompile Include="7_람다9.cpp">
      <Filter>소스 파일</Filter>
    </ClCompile>
    <ClCompile Include="7_람다10.cpp">
      <Filter>소스 파일</Filter>
    </ClCompile>
    <ClCompile Include="7_람다11.cpp">
      <Filter>소스 파일</Filter>
    </ClCompile>
    <ClCompile Include="7_람다12.cpp">
      <Filter>소스 파일</Filter>
    </ClCompile>
    <ClCompile Include="7_람다13.cpp">
      <Filter>소스 파일</Filter>
    </ClCompile>
    <ClCompile Include="8_성능측정.cpp">
      <Filter>소스 파일</Filter>
    </ClCompile>
    <ClCompile Include="9_함수포인터.cpp">
      <Filter>소스 파일</Filter>
    </ClCompile>
    <ClCompile Include="9_함수포인터2.cpp">
      <Filter>소스 파일</Filter>
    </ClCompile>
    <ClCompile Include="9_함수포인터3.cpp">
      <Filter>소스 파일</Filter>
    </ClCompile>
  </ItemGroup>
</Project>